// !$*UTF8*$!
{
	archiveVersion = 1;
	classes = {
	};
	objectVersion = 50;
	objects = {

/* Begin PBXBuildFile section */
		F42687242164FD2C00674A95 /* LICENSE in Resources */ = {isa = PBXBuildFile; fileRef = F42687232164FD2C00674A95 /* LICENSE */; };
		F42687332165781D00674A95 /* Caffeine.swift in Sources */ = {isa = PBXBuildFile; fileRef = F42687322165781D00674A95 /* Caffeine.swift */; };
		F4987E5D2163F1B400F06970 /* AppDelegate.swift in Sources */ = {isa = PBXBuildFile; fileRef = F4987E5C2163F1B400F06970 /* AppDelegate.swift */; };
		F4987E5F2163F1B400F06970 /* ViewController.swift in Sources */ = {isa = PBXBuildFile; fileRef = F4987E5E2163F1B400F06970 /* ViewController.swift */; };
		F4987E642163F1B400F06970 /* Main.storyboard in Resources */ = {isa = PBXBuildFile; fileRef = F4987E622163F1B400F06970 /* Main.storyboard */; };
		F4987E73216406E400F06970 /* Assets.xcassets in Resources */ = {isa = PBXBuildFile; fileRef = F4987E72216406E400F06970 /* Assets.xcassets */; };
		F4A01407228E5A7A00ACCD38 /* AboutWindow.swift in Sources */ = {isa = PBXBuildFile; fileRef = F4A01406228E5A7A00ACCD38 /* AboutWindow.swift */; };
/* End PBXBuildFile section */

/* Begin PBXCopyFilesBuildPhase section */
		F416E0042166F6E30047B2E1 /* CopyFiles */ = {
			isa = PBXCopyFilesBuildPhase;
			buildActionMask = 2147483647;
			dstPath = Contents/Library/LoginItems;
			dstSubfolderSpec = 1;
			files = (
			);
			runOnlyForDeploymentPostprocessing = 0;
		};
/* End PBXCopyFilesBuildPhase section */

/* Begin PBXFileReference section */
		F416DFF02166E3B80047B2E1 /* README.md */ = {isa = PBXFileReference; lastKnownFileType = net.daringfireball.markdown; path = README.md; sourceTree = "<group>"; };
		F42687232164FD2C00674A95 /* LICENSE */ = {isa = PBXFileReference; lastKnownFileType = text; path = LICENSE; sourceTree = "<group>"; };
		F42687322165781D00674A95 /* Caffeine.swift */ = {isa = PBXFileReference; lastKnownFileType = sourcecode.swift; path = Caffeine.swift; sourceTree = "<group>"; };
		F4987E592163F1B400F06970 /* KeepAwake.app */ = {isa = PBXFileReference; explicitFileType = wrapper.application; includeInIndex = 0; path = KeepAwake.app; sourceTree = BUILT_PRODUCTS_DIR; };
		F4987E5C2163F1B400F06970 /* AppDelegate.swift */ = {isa = PBXFileReference; lastKnownFileType = sourcecode.swift; path = AppDelegate.swift; sourceTree = "<group>"; };
		F4987E5E2163F1B400F06970 /* ViewController.swift */ = {isa = PBXFileReference; lastKnownFileType = sourcecode.swift; path = ViewController.swift; sourceTree = "<group>"; };
		F4987E632163F1B400F06970 /* Base */ = {isa = PBXFileReference; lastKnownFileType = file.storyboard; name = Base; path = Base.lproj/Main.storyboard; sourceTree = "<group>"; };
		F4987E652163F1B400F06970 /* Info.plist */ = {isa = PBXFileReference; lastKnownFileType = text.plist.xml; path = Info.plist; sourceTree = "<group>"; };
		F4987E662163F1B400F06970 /* KeepAwake.entitlements */ = {isa = PBXFileReference; lastKnownFileType = text.plist.entitlements; path = KeepAwake.entitlements; sourceTree = "<group>"; };
		F4987E6C2163F1EA00F06970 /* .gitignore */ = {isa = PBXFileReference; lastKnownFileType = text; path = .gitignore; sourceTree = "<group>"; };
		F4987E72216406E400F06970 /* Assets.xcassets */ = {isa = PBXFileReference; lastKnownFileType = folder.assetcatalog; path = Assets.xcassets; sourceTree = "<group>"; };
		F4A01406228E5A7A00ACCD38 /* AboutWindow.swift */ = {isa = PBXFileReference; lastKnownFileType = sourcecode.swift; path = AboutWindow.swift; sourceTree = "<group>"; };
/* End PBXFileReference section */

/* Begin PBXFrameworksBuildPhase section */
		F4987E562163F1B400F06970 /* Frameworks */ = {
			isa = PBXFrameworksBuildPhase;
			buildActionMask = 2147483647;
			files = (
			);
			runOnlyForDeploymentPostprocessing = 0;
		};
/* End PBXFrameworksBuildPhase section */

/* Begin PBXGroup section */
		F416DFF12166E4380047B2E1 /* Screenshots */ = {
			isa = PBXGroup;
			children = (
			);
			path = Screenshots;
			sourceTree = "<group>";
		};
		F4987E502163F1B400F06970 = {
			isa = PBXGroup;
			children = (
				F416DFF02166E3B80047B2E1 /* README.md */,
				F42687232164FD2C00674A95 /* LICENSE */,
				F4987E6C2163F1EA00F06970 /* .gitignore */,
				F4987E5B2163F1B400F06970 /* KeepAwake */,
				F416DFF12166E4380047B2E1 /* Screenshots */,
				F4987E5A2163F1B400F06970 /* Products */,
			);
			sourceTree = "<group>";
		};
		F4987E5A2163F1B400F06970 /* Products */ = {
			isa = PBXGroup;
			children = (
				F4987E592163F1B400F06970 /* KeepAwake.app */,
			);
			name = Products;
			sourceTree = "<group>";
		};
		F4987E5B2163F1B400F06970 /* KeepAwake */ = {
			isa = PBXGroup;
			children = (
				F4987E5C2163F1B400F06970 /* AppDelegate.swift */,
				F4987E5E2163F1B400F06970 /* ViewController.swift */,
				F4987E72216406E400F06970 /* Assets.xcassets */,
				F4987E622163F1B400F06970 /* Main.storyboard */,
				F4987E652163F1B400F06970 /* Info.plist */,
				F4987E662163F1B400F06970 /* KeepAwake.entitlements */,
				F42687322165781D00674A95 /* Caffeine.swift */,
				F4A01406228E5A7A00ACCD38 /* AboutWindow.swift */,
			);
			path = KeepAwake;
			sourceTree = "<group>";
		};
/* End PBXGroup section */

/* Begin PBXNativeTarget section */
		F4987E582163F1B400F06970 /* KeepAwake */ = {
			isa = PBXNativeTarget;
			buildConfigurationList = F4987E692163F1B400F06970 /* Build configuration list for PBXNativeTarget "KeepAwake" */;
			buildPhases = (
				F4987E552163F1B400F06970 /* Sources */,
				F4987E562163F1B400F06970 /* Frameworks */,
				F4987E572163F1B400F06970 /* Resources */,
				F416E0042166F6E30047B2E1 /* CopyFiles */,
			);
			buildRules = (
			);
			dependencies = (
			);
			name = KeepAwake;
			productName = KeepAwake;
			productReference = F4987E592163F1B400F06970 /* KeepAwake.app */;
			productType = "com.apple.product-type.application";
		};
/* End PBXNativeTarget section */

/* Begin PBXProject section */
		F4987E512163F1B400F06970 /* Project object */ = {
			isa = PBXProject;
			attributes = {
				LastSwiftUpdateCheck = 1000;
				LastUpgradeCheck = 1000;
				ORGANIZATIONNAME = "Sean McElholm";
				TargetAttributes = {
					F4987E582163F1B400F06970 = {
						CreatedOnToolsVersion = 10.0;
						LastSwiftMigration = 1000;
						SystemCapabilities = {
							com.apple.HardenedRuntime = {
								enabled = 1;
							};
						};
					};
				};
			};
			buildConfigurationList = F4987E542163F1B400F06970 /* Build configuration list for PBXProject "KeepAwake" */;
			compatibilityVersion = "Xcode 9.3";
			developmentRegion = en;
			hasScannedForEncodings = 0;
			knownRegions = (
				en,
				Base,
			);
			mainGroup = F4987E502163F1B400F06970;
			productRefGroup = F4987E5A2163F1B400F06970 /* Products */;
			projectDirPath = "";
			projectRoot = "";
			targets = (
				F4987E582163F1B400F06970 /* KeepAwake */,
			);
		};
/* End PBXProject section */

/* Begin PBXResourcesBuildPhase section */
		F4987E572163F1B400F06970 /* Resources */ = {
			isa = PBXResourcesBuildPhase;
			buildActionMask = 2147483647;
			files = (
				F4987E73216406E400F06970 /* Assets.xcassets in Resources */,
				F4987E642163F1B400F06970 /* Main.storyboard in Resources */,
				F42687242164FD2C00674A95 /* LICENSE in Resources */,
			);
			runOnlyForDeploymentPostprocessing = 0;
		};
/* End PBXResourcesBuildPhase section */

/* Begin PBXSourcesBuildPhase section */
		F4987E552163F1B400F06970 /* Sources */ = {
			isa = PBXSourcesBuildPhase;
			buildActionMask = 2147483647;
			files = (
				F4987E5F2163F1B400F06970 /* ViewController.swift in Sources */,
				F42687332165781D00674A95 /* Caffeine.swift in Sources */,
				F4987E5D2163F1B400F06970 /* AppDelegate.swift in Sources */,
				F4A01407228E5A7A00ACCD38 /* AboutWindow.swift in Sources */,
			);
			runOnlyForDeploymentPostprocessing = 0;
		};
/* End PBXSourcesBuildPhase section */

/* Begin PBXVariantGroup section */
		F4987E622163F1B400F06970 /* Main.storyboard */ = {
			isa = PBXVariantGroup;
			children = (
				F4987E632163F1B400F06970 /* Base */,
			);
			name = Main.storyboard;
			sourceTree = "<group>";
		};
/* End PBXVariantGroup section */

/* Begin XCBuildConfiguration section */
		F4987E672163F1B400F06970 /* Debug */ = {
			isa = XCBuildConfiguration;
			buildSettings = {
				ALWAYS_SEARCH_USER_PATHS = NO;
				CLANG_ANALYZER_NONNULL = YES;
				CLANG_ANALYZER_NUMBER_OBJECT_CONVERSION = YES_AGGRESSIVE;
				CLANG_CXX_LANGUAGE_STANDARD = "gnu++14";
				CLANG_CXX_LIBRARY = "libc++";
				CLANG_ENABLE_MODULES = YES;
				CLANG_ENABLE_OBJC_ARC = YES;
				CLANG_ENABLE_OBJC_WEAK = YES;
				CLANG_WARN_BLOCK_CAPTURE_AUTORELEASING = YES;
				CLANG_WARN_BOOL_CONVERSION = YES;
				CLANG_WARN_COMMA = YES;
				CLANG_WARN_CONSTANT_CONVERSION = YES;
				CLANG_WARN_DEPRECATED_OBJC_IMPLEMENTATIONS = YES;
				CLANG_WARN_DIRECT_OBJC_ISA_USAGE = YES_ERROR;
				CLANG_WARN_DOCUMENTATION_COMMENTS = YES;
				CLANG_WARN_EMPTY_BODY = YES;
				CLANG_WARN_ENUM_CONVERSION = YES;
				CLANG_WARN_INFINITE_RECURSION = YES;
				CLANG_WARN_INT_CONVERSION = YES;
				CLANG_WARN_NON_LITERAL_NULL_CONVERSION = YES;
				CLANG_WARN_OBJC_IMPLICIT_RETAIN_SELF = YES;
				CLANG_WARN_OBJC_LITERAL_CONVERSION = YES;
				CLANG_WARN_OBJC_ROOT_CLASS = YES_ERROR;
				CLANG_WARN_RANGE_LOOP_ANALYSIS = YES;
				CLANG_WARN_STRICT_PROTOTYPES = YES;
				CLANG_WARN_SUSPICIOUS_MOVE = YES;
				CLANG_WARN_UNGUARDED_AVAILABILITY = YES_AGGRESSIVE;
				CLANG_WARN_UNREACHABLE_CODE = YES;
				CLANG_WARN__DUPLICATE_METHOD_MATCH = YES;
				CODE_SIGN_IDENTITY = "Mac Developer";
				COPY_PHASE_STRIP = NO;
				DEBUG_INFORMATION_FORMAT = dwarf;
				ENABLE_STRICT_OBJC_MSGSEND = YES;
				ENABLE_TESTABILITY = YES;
				GCC_C_LANGUAGE_STANDARD = gnu11;
				GCC_DYNAMIC_NO_PIC = NO;
				GCC_NO_COMMON_BLOCKS = YES;
				GCC_OPTIMIZATION_LEVEL = 0;
				GCC_PREPROCESSOR_DEFINITIONS = (
					"DEBUG=1",
					"$(inherited)",
				);
				GCC_WARN_64_TO_32_BIT_CONVERSION = YES;
				GCC_WARN_ABOUT_RETURN_TYPE = YES_ERROR;
				GCC_WARN_UNDECLARED_SELECTOR = YES;
				GCC_WARN_UNINITIALIZED_AUTOS = YES_AGGRESSIVE;
				GCC_WARN_UNUSED_FUNCTION = YES;
				GCC_WARN_UNUSED_VARIABLE = YES;
				MACOSX_DEPLOYMENT_TARGET = 10.14;
				MTL_ENABLE_DEBUG_INFO = INCLUDE_SOURCE;
				MTL_FAST_MATH = YES;
				ONLY_ACTIVE_ARCH = YES;
				SDKROOT = macosx;
				SWIFT_ACTIVE_COMPILATION_CONDITIONS = DEBUG;
				SWIFT_OPTIMIZATION_LEVEL = "-Onone";
			};
			name = Debug;
		};
		F4987E682163F1B400F06970 /* Release */ = {
			isa = XCBuildConfiguration;
			buildSettings = {
				ALWAYS_SEARCH_USER_PATHS = NO;
				CLANG_ANALYZER_NONNULL = YES;
				CLANG_ANALYZER_NUMBER_OBJECT_CONVERSION = YES_AGGRESSIVE;
				CLANG_CXX_LANGUAGE_STANDARD = "gnu++14";
				CLANG_CXX_LIBRARY = "libc++";
				CLANG_ENABLE_MODULES = YES;
				CLANG_ENABLE_OBJC_ARC = YES;
				CLANG_ENABLE_OBJC_WEAK = YES;
				CLANG_WARN_BLOCK_CAPTURE_AUTORELEASING = YES;
				CLANG_WARN_BOOL_CONVERSION = YES;
				CLANG_WARN_COMMA = YES;
				CLANG_WARN_CONSTANT_CONVERSION = YES;
				CLANG_WARN_DEPRECATED_OBJC_IMPLEMENTATIONS = YES;
				CLANG_WARN_DIRECT_OBJC_ISA_USAGE = YES_ERROR;
				CLANG_WARN_DOCUMENTATION_COMMENTS = YES;
				CLANG_WARN_EMPTY_BODY = YES;
				CLANG_WARN_ENUM_CONVERSION = YES;
				CLANG_WARN_INFINITE_RECURSION = YES;
				CLANG_WARN_INT_CONVERSION = YES;
				CLANG_WARN_NON_LITERAL_NULL_CONVERSION = YES;
				CLANG_WARN_OBJC_IMPLICIT_RETAIN_SELF = YES;
				CLANG_WARN_OBJC_LITERAL_CONVERSION = YES;
				CLANG_WARN_OBJC_ROOT_CLASS = YES_ERROR;
				CLANG_WARN_RANGE_LOOP_ANALYSIS = YES;
				CLANG_WARN_STRICT_PROTOTYPES = YES;
				CLANG_WARN_SUSPICIOUS_MOVE = YES;
				CLANG_WARN_UNGUARDED_AVAILABILITY = YES_AGGRESSIVE;
				CLANG_WARN_UNREACHABLE_CODE = YES;
				CLANG_WARN__DUPLICATE_METHOD_MATCH = YES;
				CODE_SIGN_IDENTITY = "Mac Developer";
				COPY_PHASE_STRIP = NO;
				DEBUG_INFORMATION_FORMAT = "dwarf-with-dsym";
				ENABLE_NS_ASSERTIONS = NO;
				ENABLE_STRICT_OBJC_MSGSEND = YES;
				GCC_C_LANGUAGE_STANDARD = gnu11;
				GCC_NO_COMMON_BLOCKS = YES;
				GCC_WARN_64_TO_32_BIT_CONVERSION = YES;
				GCC_WARN_ABOUT_RETURN_TYPE = YES_ERROR;
				GCC_WARN_UNDECLARED_SELECTOR = YES;
				GCC_WARN_UNINITIALIZED_AUTOS = YES_AGGRESSIVE;
				GCC_WARN_UNUSED_FUNCTION = YES;
				GCC_WARN_UNUSED_VARIABLE = YES;
				MACOSX_DEPLOYMENT_TARGET = 10.14;
				MTL_ENABLE_DEBUG_INFO = NO;
				MTL_FAST_MATH = YES;
				SDKROOT = macosx;
				SWIFT_COMPILATION_MODE = wholemodule;
				SWIFT_OPTIMIZATION_LEVEL = "-O";
			};
			name = Release;
		};
		F4987E6A2163F1B400F06970 /* Debug */ = {
			isa = XCBuildConfiguration;
			buildSettings = {
				ALWAYS_EMBED_SWIFT_STANDARD_LIBRARIES = YES;
				ASSETCATALOG_COMPILER_APPICON_NAME = AppIcon;
				CLANG_ENABLE_MODULES = YES;
				CODE_SIGN_ENTITLEMENTS = KeepAwake/KeepAwake.entitlements;
				CODE_SIGN_STYLE = Automatic;
				COMBINE_HIDPI_IMAGES = YES;
				DEVELOPMENT_TEAM = 234U9Z4R3T;
				ENABLE_HARDENED_RUNTIME = YES;
				FRAMEWORK_SEARCH_PATHS = "";
				INFOPLIST_FILE = KeepAwake/Info.plist;
				LD_RUNPATH_SEARCH_PATHS = (
					"$(inherited)",
					"@executable_path/../Frameworks",
				);
				PRODUCT_BUNDLE_IDENTIFIER = com.seanmcelholm.KeepAwake;
				PRODUCT_NAME = "$(TARGET_NAME)";
				SWIFT_OBJC_BRIDGING_HEADER = "";
				SWIFT_OPTIMIZATION_LEVEL = "-Onone";
				SWIFT_VERSION = 4.2;
			};
			name = Debug;
		};
		F4987E6B2163F1B400F06970 /* Release */ = {
			isa = XCBuildConfiguration;
			buildSettings = {
				ALWAYS_EMBED_SWIFT_STANDARD_LIBRARIES = YES;
				ASSETCATALOG_COMPILER_APPICON_NAME = AppIcon;
				CLANG_ENABLE_MODULES = YES;
				CODE_SIGN_ENTITLEMENTS = KeepAwake/KeepAwake.entitlements;
				CODE_SIGN_STYLE = Automatic;
				COMBINE_HIDPI_IMAGES = YES;
				DEVELOPMENT_TEAM = 234U9Z4R3T;
				ENABLE_HARDENED_RUNTIME = YES;
				FRAMEWORK_SEARCH_PATHS = "";
				INFOPLIST_FILE = KeepAwake/Info.plist;
				LD_RUNPATH_SEARCH_PATHS = (
					"$(inherited)",
					"@executable_path/../Frameworks",
				);
				PRODUCT_BUNDLE_IDENTIFIER = com.seanmcelholm.KeepAwake;
				PRODUCT_NAME = "$(TARGET_NAME)";
				SWIFT_OBJC_BRIDGING_HEADER = "";
				SWIFT_VERSION = 4.2;
			};
			name = Release;
		};
/* End XCBuildConfiguration section */

/* Begin XCConfigurationList section */
		F4987E542163F1B400F06970 /* Build configuration list for PBXProject "KeepAwake" */ = {
			isa = XCConfigurationList;
			buildConfigurations = (
				F4987E672163F1B400F06970 /* Debug */,
				F4987E682163F1B400F06970 /* Release */,
			);
			defaultConfigurationIsVisible = 0;
			defaultConfigurationName = Release;
		};
		F4987E692163F1B400F06970 /* Build configuration list for PBXNativeTarget "KeepAwake" */ = {
			isa = XCConfigurationList;
			buildConfigurations = (
				F4987E6A2163F1B400F06970 /* Debug */,
				F4987E6B2163F1B400F06970 /* Release */,
			);
			defaultConfigurationIsVisible = 0;
			defaultConfigurationName = Release;
		};
/* End XCConfigurationList section */
	};
	rootObject = F4987E512163F1B400F06970 /* Project object */;
}
